
Microsoft Visual Studio Solution File, Format Version 12.00
# Visual Studio Version 16
VisualStudioVersion = 16.0.29728.190
MinimumVisualStudioVersion = 10.0.40219.1
Project("{FAE04EC0-301F-11D3-BF4B-00C04F79EFBC}") = "MVCLearnings", "MVCLearnings\MVCLearnings.csproj", "{48752D7D-3105-4231-B718-04B64940C617}"
EndProject
Project("{FAE04EC0-301F-11D3-BF4B-00C04F79EFBC}") = "Revision", "Revision\Revision.csproj", "{495ECFE6-57AC-492A-9FC2-CE594A56B804}"
EndProject
Global
	GlobalSection(SolutionConfigurationPlatforms) = preSolution
		Debug|Any CPU = Debug|Any CPU
		Release|Any CPU = Release|Any CPU
	EndGlobalSection
	GlobalSection(ProjectConfigurationPlatforms) = postSolution
		{48752D7D-3105-4231-B718-04B64940C617}.Debug|Any CPU.ActiveCfg = Debug|Any CPU
		{48752D7D-3105-4231-B718-04B64940C617}.Debug|Any CPU.Build.0 = Debug|Any CPU
		{48752D7D-3105-4231-B718-04B64940C617}.Release|Any CPU.ActiveCfg = Release|Any CPU
		{48752D7D-3105-4231-B718-04B64940C617}.Release|Any CPU.Build.0 = Release|Any CPU
		{495ECFE6-57AC-492A-9FC2-CE594A56B804}.Debug|Any CPU.ActiveCfg = Debug|Any CPU
		{495ECFE6-57AC-492A-9FC2-CE594A56B804}.Debug|Any CPU.Build.0 = Debug|Any CPU
		{495ECFE6-57AC-492A-9FC2-CE594A56B804}.Release|Any CPU.ActiveCfg = Release|Any CPU
		{495ECFE6-57AC-492A-9FC2-CE594A56B804}.Release|Any CPU.Build.0 = Release|Any CPU
	EndGlobalSection
	GlobalSection(SolutionProperties) = preSolution
		HideSolutionNode = FALSE
	EndGlobalSection
	GlobalSection(ExtensibilityGlobals) = postSolution
		SolutionGuid = {9964F199-FBC3-4C0A-888F-72E9AFE5B0DF}
	EndGlobalSection
EndGlobal
